
Microsoft Visual Studio Solution File, Format Version 12.00
# Visual Studio Version 17
VisualStudioVersion = 17.9.34728.123
MinimumVisualStudioVersion = 10.0.40219.1
Project("{FAE04EC0-301F-11D3-BF4B-00C04F79EFBC}") = "Evidence_obchod", "Evidence_obchod\Evidence_obchod.csproj", "{02B46E6E-1494-4AAA-8FCB-0480FE9479A2}"
EndProject
Global
	GlobalSection(SolutionConfigurationPlatforms) = preSolution
		Debug|Any CPU = Debug|Any CPU
		Release|Any CPU = Release|Any CPU
	EndGlobalSection
	GlobalSection(ProjectConfigurationPlatforms) = postSolution
		{02B46E6E-1494-4AAA-8FCB-0480FE9479A2}.Debug|Any CPU.ActiveCfg = Debug|Any CPU
		{02B46E6E-1494-4AAA-8FCB-0480FE9479A2}.Debug|Any CPU.Build.0 = Debug|Any CPU
		{02B46E6E-1494-4AAA-8FCB-0480FE9479A2}.Release|Any CPU.ActiveCfg = Release|Any CPU
		{02B46E6E-1494-4AAA-8FCB-0480FE9479A2}.Release|Any CPU.Build.0 = Release|Any CPU
	EndGlobalSection
	GlobalSection(SolutionProperties) = preSolution
		HideSolutionNode = FALSE
	EndGlobalSection
	GlobalSection(ExtensibilityGlobals) = postSolution
		SolutionGuid = {60426576-7E19-4482-B9F1-74D6BE3711F4}
	EndGlobalSection
EndGlobal
